// !$*UTF8*$!
{
	archiveVersion = 1;
	classes = {
	};
	objectVersion = 77;
	objects = {

/* Begin PBXBuildFile section */
		152DEB8DE3BAB34B712CA214 /* Assets.xcassets in Resources */ = {isa = PBXBuildFile; fileRef = C24FEA933A60E5EDA62B61D3 /* Assets.xcassets */; };
		3A48001EF66744594ADF3430 /* Chat+CoreDataClass.swift in Sources */ = {isa = PBXBuildFile; fileRef = 54A65FBD98683ABBB8C13569 /* Chat+CoreDataClass.swift */; };
		45BE29AF3C7F7A7F6547D86E /* PersistenceController.swift in Sources */ = {isa = PBXBuildFile; fileRef = AF3DFE76616E20ADA1FA4BDA /* PersistenceController.swift */; };
		51894F78A7F5CA3B51C82979 /* MessageBubbleView.swift in Sources */ = {isa = PBXBuildFile; fileRef = 3739391364872DE82DFCB593 /* MessageBubbleView.swift */; };
		53A7A0721F96FFDFFB4DCE0A /* TypingIndicatorView.swift in Sources */ = {isa = PBXBuildFile; fileRef = 45D3C7FE6D6847C1DF7F237F /* TypingIndicatorView.swift */; };
		6BA82DD34C804230DF188105 /* ImageSaver.swift in Sources */ = {isa = PBXBuildFile; fileRef = 7E4AD7A59B19A5F4F52139FB /* ImageSaver.swift */; };
		6BC74F828B0550FA0D24C891 /* ImagePickerView.swift in Sources */ = {isa = PBXBuildFile; fileRef = 37D3528686D0CAF06CCD8224 /* ImagePickerView.swift */; };
		765C3B35C487EAF999767BF2 /* ChatDataService.swift in Sources */ = {isa = PBXBuildFile; fileRef = E72B121904FD699E0854584F /* ChatDataService.swift */; };
		77075CEEDBB559062D6DEF9A /* Message+CoreDataClass.swift in Sources */ = {isa = PBXBuildFile; fileRef = D18CFDDC71FD140BBAE252D9 /* Message+CoreDataClass.swift */; };
		8E89A54268BBCB293F150F3E /* Banter.xcdatamodeld in Sources */ = {isa = PBXBuildFile; fileRef = 20EAF5430D8DC84E93E90FEA /* Banter.xcdatamodeld */; };
		95EF55FD67731CF56F5D2898 /* ChatListViewModel.swift in Sources */ = {isa = PBXBuildFile; fileRef = 42BFEB6CB66C978BEE101E48 /* ChatListViewModel.swift */; };
		9D3F8E172DBEECA3E0FB86A5 /* ChatRowView.swift in Sources */ = {isa = PBXBuildFile; fileRef = 87CDFFD28387A129103728B5 /* ChatRowView.swift */; };
		A682602C5D86803FAEA0A66F /* MessageInputBar.swift in Sources */ = {isa = PBXBuildFile; fileRef = CEA135AAF7DE48D99AFC521D /* MessageInputBar.swift */; };
		A6ED45DDC4A8D2698CC51652 /* AgentService.swift in Sources */ = {isa = PBXBuildFile; fileRef = D28BF69E6EFBECE0F1FD5631 /* AgentService.swift */; };
		AECA0EFB8D9DE72D772A8388 /* ChatDetailViewModel.swift in Sources */ = {isa = PBXBuildFile; fileRef = F0272A508B9E79F338F02F47 /* ChatDetailViewModel.swift */; };
		B80E2B30CF63BBF5C40B681B /* ChatDetailView.swift in Sources */ = {isa = PBXBuildFile; fileRef = 446777F957F73AB98A879B5B /* ChatDetailView.swift */; };
		C530911572B79D5FDDCF30E1 /* FullscreenImageView.swift in Sources */ = {isa = PBXBuildFile; fileRef = 07426F48ED6951851B2BFAE0 /* FullscreenImageView.swift */; };
		DFBF2E9C46837842F9453CB3 /* BanterApp.swift in Sources */ = {isa = PBXBuildFile; fileRef = C4D6248E88C3CC6B17424D00 /* BanterApp.swift */; };
		EDD33939F3F3C269BB4C398D /* ChatListView.swift in Sources */ = {isa = PBXBuildFile; fileRef = 8993D2F890D502300446E0B7 /* ChatListView.swift */; };
		F8ED3F8A1AFD0552967E8C6B /* TimestampFormatter.swift in Sources */ = {isa = PBXBuildFile; fileRef = 072951E9C4B0437D6BD82E7E /* TimestampFormatter.swift */; };
/* End PBXBuildFile section */

/* Begin PBXFileReference section */
		072951E9C4B0437D6BD82E7E /* TimestampFormatter.swift */ = {isa = PBXFileReference; lastKnownFileType = sourcecode.swift; path = TimestampFormatter.swift; sourceTree = "<group>"; };
		07426F48ED6951851B2BFAE0 /* FullscreenImageView.swift */ = {isa = PBXFileReference; lastKnownFileType = sourcecode.swift; path = FullscreenImageView.swift; sourceTree = "<group>"; };
		3739391364872DE82DFCB593 /* MessageBubbleView.swift */ = {isa = PBXFileReference; lastKnownFileType = sourcecode.swift; path = MessageBubbleView.swift; sourceTree = "<group>"; };
		37D3528686D0CAF06CCD8224 /* ImagePickerView.swift */ = {isa = PBXFileReference; lastKnownFileType = sourcecode.swift; path = ImagePickerView.swift; sourceTree = "<group>"; };
		42BFEB6CB66C978BEE101E48 /* ChatListViewModel.swift */ = {isa = PBXFileReference; lastKnownFileType = sourcecode.swift; path = ChatListViewModel.swift; sourceTree = "<group>"; };
		446777F957F73AB98A879B5B /* ChatDetailView.swift */ = {isa = PBXFileReference; lastKnownFileType = sourcecode.swift; path = ChatDetailView.swift; sourceTree = "<group>"; };
		45D3C7FE6D6847C1DF7F237F /* TypingIndicatorView.swift */ = {isa = PBXFileReference; lastKnownFileType = sourcecode.swift; path = TypingIndicatorView.swift; sourceTree = "<group>"; };
		4B2BBD8C600FFCB9300E739D /* Banter.xcdatamodel */ = {isa = PBXFileReference; lastKnownFileType = wrapper.xcdatamodel; path = Banter.xcdatamodel; sourceTree = "<group>"; };
		54A65FBD98683ABBB8C13569 /* Chat+CoreDataClass.swift */ = {isa = PBXFileReference; lastKnownFileType = sourcecode.swift; path = "Chat+CoreDataClass.swift"; sourceTree = "<group>"; };
		7E4AD7A59B19A5F4F52139FB /* ImageSaver.swift */ = {isa = PBXFileReference; lastKnownFileType = sourcecode.swift; path = ImageSaver.swift; sourceTree = "<group>"; };
		87CDFFD28387A129103728B5 /* ChatRowView.swift */ = {isa = PBXFileReference; lastKnownFileType = sourcecode.swift; path = ChatRowView.swift; sourceTree = "<group>"; };
		8993D2F890D502300446E0B7 /* ChatListView.swift */ = {isa = PBXFileReference; lastKnownFileType = sourcecode.swift; path = ChatListView.swift; sourceTree = "<group>"; };
		AF3DFE76616E20ADA1FA4BDA /* PersistenceController.swift */ = {isa = PBXFileReference; lastKnownFileType = sourcecode.swift; path = PersistenceController.swift; sourceTree = "<group>"; };
		C1E01452BA999BBE1CDE462F /* Info.plist */ = {isa = PBXFileReference; lastKnownFileType = text.plist; path = Info.plist; sourceTree = "<group>"; };
		C24FEA933A60E5EDA62B61D3 /* Assets.xcassets */ = {isa = PBXFileReference; lastKnownFileType = folder.assetcatalog; path = Assets.xcassets; sourceTree = "<group>"; };
		C4D6248E88C3CC6B17424D00 /* BanterApp.swift */ = {isa = PBXFileReference; lastKnownFileType = sourcecode.swift; path = BanterApp.swift; sourceTree = "<group>"; };
		CEA135AAF7DE48D99AFC521D /* MessageInputBar.swift */ = {isa = PBXFileReference; lastKnownFileType = sourcecode.swift; path = MessageInputBar.swift; sourceTree = "<group>"; };
		D18CFDDC71FD140BBAE252D9 /* Message+CoreDataClass.swift */ = {isa = PBXFileReference; lastKnownFileType = sourcecode.swift; path = "Message+CoreDataClass.swift"; sourceTree = "<group>"; };
		D28BF69E6EFBECE0F1FD5631 /* AgentService.swift */ = {isa = PBXFileReference; lastKnownFileType = sourcecode.swift; path = AgentService.swift; sourceTree = "<group>"; };
		D6E60BD27E70A8D287B14D80 /* Banter.app */ = {isa = PBXFileReference; includeInIndex = 0; lastKnownFileType = wrapper.application; path = Banter.app; sourceTree = BUILT_PRODUCTS_DIR; };
		E72B121904FD699E0854584F /* ChatDataService.swift */ = {isa = PBXFileReference; lastKnownFileType = sourcecode.swift; path = ChatDataService.swift; sourceTree = "<group>"; };
		F0272A508B9E79F338F02F47 /* ChatDetailViewModel.swift */ = {isa = PBXFileReference; lastKnownFileType = sourcecode.swift; path = ChatDetailViewModel.swift; sourceTree = "<group>"; };
/* End PBXFileReference section */

/* Begin PBXGroup section */
		2820C6A1C1A60163BF1F308F /* Products */ = {
			isa = PBXGroup;
			children = (
				D6E60BD27E70A8D287B14D80 /* Banter.app */,
			);
			name = Products;
			sourceTree = "<group>";
		};
		2B31D3BB6B54F39C8B8D2EA2 /* App */ = {
			isa = PBXGroup;
			children = (
				C4D6248E88C3CC6B17424D00 /* BanterApp.swift */,
			);
			path = App;
			sourceTree = "<group>";
		};
		3A63C7E120AA1F9418A10CF7 /* Services */ = {
			isa = PBXGroup;
			children = (
				D28BF69E6EFBECE0F1FD5631 /* AgentService.swift */,
				E72B121904FD699E0854584F /* ChatDataService.swift */,
			);
			path = Services;
			sourceTree = "<group>";
		};
		3ECC5EC7AB43CD2165FF9A70 /* Models */ = {
			isa = PBXGroup;
			children = (
				54A65FBD98683ABBB8C13569 /* Chat+CoreDataClass.swift */,
				D18CFDDC71FD140BBAE252D9 /* Message+CoreDataClass.swift */,
			);
			path = Models;
			sourceTree = "<group>";
		};
		3F480063B9799D6FC2171CC7 /* Components */ = {
			isa = PBXGroup;
			children = (
				07426F48ED6951851B2BFAE0 /* FullscreenImageView.swift */,
				37D3528686D0CAF06CCD8224 /* ImagePickerView.swift */,
				CEA135AAF7DE48D99AFC521D /* MessageInputBar.swift */,
				45D3C7FE6D6847C1DF7F237F /* TypingIndicatorView.swift */,
			);
			path = Components;
			sourceTree = "<group>";
		};
		3F62342887F4E23FDDE51139 /* Persistence */ = {
			isa = PBXGroup;
			children = (
				AF3DFE76616E20ADA1FA4BDA /* PersistenceController.swift */,
			);
			path = Persistence;
			sourceTree = "<group>";
		};
		5C06D47AC320AF7A2A7883F1 /* ChatList */ = {
			isa = PBXGroup;
			children = (
				8993D2F890D502300446E0B7 /* ChatListView.swift */,
				42BFEB6CB66C978BEE101E48 /* ChatListViewModel.swift */,
				87CDFFD28387A129103728B5 /* ChatRowView.swift */,
			);
			path = ChatList;
			sourceTree = "<group>";
		};
		B384B9826382E4A367809E7B /* Banter */ = {
			isa = PBXGroup;
			children = (
				C24FEA933A60E5EDA62B61D3 /* Assets.xcassets */,
				20EAF5430D8DC84E93E90FEA /* Banter.xcdatamodeld */,
				C1E01452BA999BBE1CDE462F /* Info.plist */,
				2B31D3BB6B54F39C8B8D2EA2 /* App */,
				3F480063B9799D6FC2171CC7 /* Components */,
				F5C26A01153081921357D9AE /* Features */,
				3ECC5EC7AB43CD2165FF9A70 /* Models */,
				3F62342887F4E23FDDE51139 /* Persistence */,
				3A63C7E120AA1F9418A10CF7 /* Services */,
				D8E7602E2663B764DBC05E98 /* Utilities */,
			);
			path = Banter;
			sourceTree = "<group>";
		};
		BB0EC18444992AB67EB41FA8 /* ChatDetail */ = {
			isa = PBXGroup;
			children = (
				446777F957F73AB98A879B5B /* ChatDetailView.swift */,
				F0272A508B9E79F338F02F47 /* ChatDetailViewModel.swift */,
				3739391364872DE82DFCB593 /* MessageBubbleView.swift */,
			);
			path = ChatDetail;
			sourceTree = "<group>";
		};
		D4AAF0CBE8B9404F413F284E = {
			isa = PBXGroup;
			children = (
				B384B9826382E4A367809E7B /* Banter */,
				2820C6A1C1A60163BF1F308F /* Products */,
			);
			sourceTree = "<group>";
		};
		D8E7602E2663B764DBC05E98 /* Utilities */ = {
			isa = PBXGroup;
			children = (
				7E4AD7A59B19A5F4F52139FB /* ImageSaver.swift */,
				072951E9C4B0437D6BD82E7E /* TimestampFormatter.swift */,
			);
			path = Utilities;
			sourceTree = "<group>";
		};
		F5C26A01153081921357D9AE /* Features */ = {
			isa = PBXGroup;
			children = (
				BB0EC18444992AB67EB41FA8 /* ChatDetail */,
				5C06D47AC320AF7A2A7883F1 /* ChatList */,
			);
			path = Features;
			sourceTree = "<group>";
		};
/* End PBXGroup section */

/* Begin PBXNativeTarget section */
		050DC1E40CB77D9746217A55 /* Banter */ = {
			isa = PBXNativeTarget;
			buildConfigurationList = DAFED57FD73B995303566094 /* Build configuration list for PBXNativeTarget "Banter" */;
			buildPhases = (
				C5A123212300367C66A87215 /* Sources */,
				9AF1C7E7A04A4448F521FE11 /* Resources */,
			);
			buildRules = (
			);
			dependencies = (
			);
			name = Banter;
			packageProductDependencies = (
			);
			productName = Banter;
			productReference = D6E60BD27E70A8D287B14D80 /* Banter.app */;
			productType = "com.apple.product-type.application";
		};
/* End PBXNativeTarget section */

/* Begin PBXProject section */
		F398A7A64F141CCCC38C5865 /* Project object */ = {
			isa = PBXProject;
			attributes = {
				BuildIndependentTargetsInParallel = YES;
				LastUpgradeCheck = 1500;
				TargetAttributes = {
					050DC1E40CB77D9746217A55 = {
						ProvisioningStyle = Automatic;
					};
				};
			};
			buildConfigurationList = 62CE0F5F8837490A374DA657 /* Build configuration list for PBXProject "Banter" */;
			compatibilityVersion = "Xcode 14.0";
			developmentRegion = en;
			hasScannedForEncodings = 0;
			knownRegions = (
				Base,
				en,
			);
			mainGroup = D4AAF0CBE8B9404F413F284E;
			minimizedProjectReferenceProxies = 1;
			preferredProjectObjectVersion = 77;
			projectDirPath = "";
			projectRoot = "";
			targets = (
				050DC1E40CB77D9746217A55 /* Banter */,
			);
		};
/* End PBXProject section */

/* Begin PBXResourcesBuildPhase section */
		9AF1C7E7A04A4448F521FE11 /* Resources */ = {
			isa = PBXResourcesBuildPhase;
			buildActionMask = 2147483647;
			files = (
				152DEB8DE3BAB34B712CA214 /* Assets.xcassets in Resources */,
			);
			runOnlyForDeploymentPostprocessing = 0;
		};
/* End PBXResourcesBuildPhase section */

/* Begin PBXSourcesBuildPhase section */
		C5A123212300367C66A87215 /* Sources */ = {
			isa = PBXSourcesBuildPhase;
			buildActionMask = 2147483647;
			files = (
				A6ED45DDC4A8D2698CC51652 /* AgentService.swift in Sources */,
				8E89A54268BBCB293F150F3E /* Banter.xcdatamodeld in Sources */,
				DFBF2E9C46837842F9453CB3 /* BanterApp.swift in Sources */,
				3A48001EF66744594ADF3430 /* Chat+CoreDataClass.swift in Sources */,
				765C3B35C487EAF999767BF2 /* ChatDataService.swift in Sources */,
				B80E2B30CF63BBF5C40B681B /* ChatDetailView.swift in Sources */,
				AECA0EFB8D9DE72D772A8388 /* ChatDetailViewModel.swift in Sources */,
				EDD33939F3F3C269BB4C398D /* ChatListView.swift in Sources */,
				95EF55FD67731CF56F5D2898 /* ChatListViewModel.swift in Sources */,
				9D3F8E172DBEECA3E0FB86A5 /* ChatRowView.swift in Sources */,
				C530911572B79D5FDDCF30E1 /* FullscreenImageView.swift in Sources */,
				6BC74F828B0550FA0D24C891 /* ImagePickerView.swift in Sources */,
				6BA82DD34C804230DF188105 /* ImageSaver.swift in Sources */,
				77075CEEDBB559062D6DEF9A /* Message+CoreDataClass.swift in Sources */,
				51894F78A7F5CA3B51C82979 /* MessageBubbleView.swift in Sources */,
				A682602C5D86803FAEA0A66F /* MessageInputBar.swift in Sources */,
				45BE29AF3C7F7A7F6547D86E /* PersistenceController.swift in Sources */,
				F8ED3F8A1AFD0552967E8C6B /* TimestampFormatter.swift in Sources */,
				53A7A0721F96FFDFFB4DCE0A /* TypingIndicatorView.swift in Sources */,
			);
			runOnlyForDeploymentPostprocessing = 0;
		};
/* End PBXSourcesBuildPhase section */

/* Begin XCBuildConfiguration section */
		47F29D518EB054AFAB715177 /* Release */ = {
			isa = XCBuildConfiguration;
			buildSettings = {
				ALWAYS_SEARCH_USER_PATHS = NO;
				CLANG_ANALYZER_NONNULL = YES;
				CLANG_ANALYZER_NUMBER_OBJECT_CONVERSION = YES_AGGRESSIVE;
				CLANG_CXX_LANGUAGE_STANDARD = "gnu++14";
				CLANG_CXX_LIBRARY = "libc++";
				CLANG_ENABLE_MODULES = YES;
				CLANG_ENABLE_OBJC_ARC = YES;
				CLANG_ENABLE_OBJC_WEAK = YES;
				CLANG_WARN_BLOCK_CAPTURE_AUTORELEASING = YES;
				CLANG_WARN_BOOL_CONVERSION = YES;
				CLANG_WARN_COMMA = YES;
				CLANG_WARN_CONSTANT_CONVERSION = YES;
				CLANG_WARN_DEPRECATED_OBJC_IMPLEMENTATIONS = YES;
				CLANG_WARN_DIRECT_OBJC_ISA_USAGE = YES_ERROR;
				CLANG_WARN_DOCUMENTATION_COMMENTS = YES;
				CLANG_WARN_EMPTY_BODY = YES;
				CLANG_WARN_ENUM_CONVERSION = YES;
				CLANG_WARN_INFINITE_RECURSION = YES;
				CLANG_WARN_INT_CONVERSION = YES;
				CLANG_WARN_NON_LITERAL_NULL_CONVERSION = YES;
				CLANG_WARN_OBJC_IMPLICIT_RETAIN_SELF = YES;
				CLANG_WARN_OBJC_LITERAL_CONVERSION = YES;
				CLANG_WARN_OBJC_ROOT_CLASS = YES_ERROR;
				CLANG_WARN_QUOTED_INCLUDE_IN_FRAMEWORK_HEADER = YES;
				CLANG_WARN_RANGE_LOOP_ANALYSIS = YES;
				CLANG_WARN_STRICT_PROTOTYPES = YES;
				CLANG_WARN_SUSPICIOUS_MOVE = YES;
				CLANG_WARN_UNGUARDED_AVAILABILITY = YES_AGGRESSIVE;
				CLANG_WARN_UNREACHABLE_CODE = YES;
				CLANG_WARN__DUPLICATE_METHOD_MATCH = YES;
				COPY_PHASE_STRIP = NO;
				DEBUG_INFORMATION_FORMAT = "dwarf-with-dsym";
				ENABLE_NS_ASSERTIONS = NO;
				ENABLE_STRICT_OBJC_MSGSEND = YES;
				GCC_C_LANGUAGE_STANDARD = gnu11;
				GCC_NO_COMMON_BLOCKS = YES;
				GCC_WARN_64_TO_32_BIT_CONVERSION = YES;
				GCC_WARN_ABOUT_RETURN_TYPE = YES_ERROR;
				GCC_WARN_UNDECLARED_SELECTOR = YES;
				GCC_WARN_UNINITIALIZED_AUTOS = YES_AGGRESSIVE;
				GCC_WARN_UNUSED_FUNCTION = YES;
				GCC_WARN_UNUSED_VARIABLE = YES;
				IPHONEOS_DEPLOYMENT_TARGET = 17.0;
				MTL_ENABLE_DEBUG_INFO = NO;
				MTL_FAST_MATH = YES;
				PRODUCT_NAME = "$(TARGET_NAME)";
				SDKROOT = iphoneos;
				SWIFT_COMPILATION_MODE = wholemodule;
				SWIFT_OPTIMIZATION_LEVEL = "-O";
				SWIFT_VERSION = 5.0;
				TARGETED_DEVICE_FAMILY = "1,2";
			};
			name = Release;
		};
		77771898347FE797F860A8E1 /* Release */ = {
			isa = XCBuildConfiguration;
			buildSettings = {
				ASSETCATALOG_COMPILER_APPICON_NAME = AppIcon;
				CODE_SIGN_IDENTITY = "iPhone Developer";
				CODE_SIGN_STYLE = Automatic;
				CURRENT_PROJECT_VERSION = 1;
				GENERATE_INFOPLIST_FILE = YES;
				INFOPLIST_FILE = Banter/Info.plist;
				INFOPLIST_KEY_CFBundleDisplayName = Banter;
				INFOPLIST_KEY_NSCameraUsageDescription = "Banter needs camera access to take photos for chat messages.";
				INFOPLIST_KEY_NSPhotoLibraryUsageDescription = "Banter needs photo library access to share images in chat.";
				INFOPLIST_KEY_UIApplicationSceneManifest_Generation = YES;
				INFOPLIST_KEY_UILaunchScreen_Generation = YES;
				INFOPLIST_KEY_UISupportedInterfaceOrientations_iPhone = "UIInterfaceOrientationPortrait UIInterfaceOrientationLandscapeLeft UIInterfaceOrientationLandscapeRight";
				LD_RUNPATH_SEARCH_PATHS = (
					"$(inherited)",
					"@executable_path/Frameworks",
				);
				MARKETING_VERSION = 1.0;
				PRODUCT_BUNDLE_IDENTIFIER = com.banter.app;
				SDKROOT = iphoneos;
				TARGETED_DEVICE_FAMILY = "1,2";
			};
			name = Release;
		};
		EC0F2D120D5F63F501A604BF /* Debug */ = {
			isa = XCBuildConfiguration;
			buildSettings = {
				ASSETCATALOG_COMPILER_APPICON_NAME = AppIcon;
				CODE_SIGN_IDENTITY = "iPhone Developer";
				CODE_SIGN_STYLE = Automatic;
				CURRENT_PROJECT_VERSION = 1;
				GENERATE_INFOPLIST_FILE = YES;
				INFOPLIST_FILE = Banter/Info.plist;
				INFOPLIST_KEY_CFBundleDisplayName = Banter;
				INFOPLIST_KEY_NSCameraUsageDescription = "Banter needs camera access to take photos for chat messages.";
				INFOPLIST_KEY_NSPhotoLibraryUsageDescription = "Banter needs photo library access to share images in chat.";
				INFOPLIST_KEY_UIApplicationSceneManifest_Generation = YES;
				INFOPLIST_KEY_UILaunchScreen_Generation = YES;
				INFOPLIST_KEY_UISupportedInterfaceOrientations_iPhone = "UIInterfaceOrientationPortrait UIInterfaceOrientationLandscapeLeft UIInterfaceOrientationLandscapeRight";
				LD_RUNPATH_SEARCH_PATHS = (
					"$(inherited)",
					"@executable_path/Frameworks",
				);
				MARKETING_VERSION = 1.0;
				PRODUCT_BUNDLE_IDENTIFIER = com.banter.app;
				SDKROOT = iphoneos;
				TARGETED_DEVICE_FAMILY = "1,2";
			};
			name = Debug;
		};
		F8F15EA1B1FC507E7F322C80 /* Debug */ = {
			isa = XCBuildConfiguration;
			buildSettings = {
				ALWAYS_SEARCH_USER_PATHS = NO;
				CLANG_ANALYZER_NONNULL = YES;
				CLANG_ANALYZER_NUMBER_OBJECT_CONVERSION = YES_AGGRESSIVE;
				CLANG_CXX_LANGUAGE_STANDARD = "gnu++14";
				CLANG_CXX_LIBRARY = "libc++";
				CLANG_ENABLE_MODULES = YES;
				CLANG_ENABLE_OBJC_ARC = YES;
				CLANG_ENABLE_OBJC_WEAK = YES;
				CLANG_WARN_BLOCK_CAPTURE_AUTORELEASING = YES;
				CLANG_WARN_BOOL_CONVERSION = YES;
				CLANG_WARN_COMMA = YES;
				CLANG_WARN_CONSTANT_CONVERSION = YES;
				CLANG_WARN_DEPRECATED_OBJC_IMPLEMENTATIONS = YES;
				CLANG_WARN_DIRECT_OBJC_ISA_USAGE = YES_ERROR;
				CLANG_WARN_DOCUMENTATION_COMMENTS = YES;
				CLANG_WARN_EMPTY_BODY = YES;
				CLANG_WARN_ENUM_CONVERSION = YES;
				CLANG_WARN_INFINITE_RECURSION = YES;
				CLANG_WARN_INT_CONVERSION = YES;
				CLANG_WARN_NON_LITERAL_NULL_CONVERSION = YES;
				CLANG_WARN_OBJC_IMPLICIT_RETAIN_SELF = YES;
				CLANG_WARN_OBJC_LITERAL_CONVERSION = YES;
				CLANG_WARN_OBJC_ROOT_CLASS = YES_ERROR;
				CLANG_WARN_QUOTED_INCLUDE_IN_FRAMEWORK_HEADER = YES;
				CLANG_WARN_RANGE_LOOP_ANALYSIS = YES;
				CLANG_WARN_STRICT_PROTOTYPES = YES;
				CLANG_WARN_SUSPICIOUS_MOVE = YES;
				CLANG_WARN_UNGUARDED_AVAILABILITY = YES_AGGRESSIVE;
				CLANG_WARN_UNREACHABLE_CODE = YES;
				CLANG_WARN__DUPLICATE_METHOD_MATCH = YES;
				COPY_PHASE_STRIP = NO;
				DEBUG_INFORMATION_FORMAT = dwarf;
				ENABLE_STRICT_OBJC_MSGSEND = YES;
				ENABLE_TESTABILITY = YES;
				GCC_C_LANGUAGE_STANDARD = gnu11;
				GCC_DYNAMIC_NO_PIC = NO;
				GCC_NO_COMMON_BLOCKS = YES;
				GCC_OPTIMIZATION_LEVEL = 0;
				GCC_PREPROCESSOR_DEFINITIONS = (
					"$(inherited)",
					"DEBUG=1",
				);
				GCC_WARN_64_TO_32_BIT_CONVERSION = YES;
				GCC_WARN_ABOUT_RETURN_TYPE = YES_ERROR;
				GCC_WARN_UNDECLARED_SELECTOR = YES;
				GCC_WARN_UNINITIALIZED_AUTOS = YES_AGGRESSIVE;
				GCC_WARN_UNUSED_FUNCTION = YES;
				GCC_WARN_UNUSED_VARIABLE = YES;
				IPHONEOS_DEPLOYMENT_TARGET = 17.0;
				MTL_ENABLE_DEBUG_INFO = INCLUDE_SOURCE;
				MTL_FAST_MATH = YES;
				ONLY_ACTIVE_ARCH = YES;
				PRODUCT_NAME = "$(TARGET_NAME)";
				SDKROOT = iphoneos;
				SWIFT_ACTIVE_COMPILATION_CONDITIONS = DEBUG;
				SWIFT_OPTIMIZATION_LEVEL = "-Onone";
				SWIFT_VERSION = 5.0;
				TARGETED_DEVICE_FAMILY = "1,2";
			};
			name = Debug;
		};
/* End XCBuildConfiguration section */

/* Begin XCConfigurationList section */
		62CE0F5F8837490A374DA657 /* Build configuration list for PBXProject "Banter" */ = {
			isa = XCConfigurationList;
			buildConfigurations = (
				F8F15EA1B1FC507E7F322C80 /* Debug */,
				47F29D518EB054AFAB715177 /* Release */,
			);
			defaultConfigurationIsVisible = 0;
			defaultConfigurationName = Debug;
		};
		DAFED57FD73B995303566094 /* Build configuration list for PBXNativeTarget "Banter" */ = {
			isa = XCConfigurationList;
			buildConfigurations = (
				EC0F2D120D5F63F501A604BF /* Debug */,
				77771898347FE797F860A8E1 /* Release */,
			);
			defaultConfigurationIsVisible = 0;
			defaultConfigurationName = Debug;
		};
/* End XCConfigurationList section */

/* Begin XCVersionGroup section */
		20EAF5430D8DC84E93E90FEA /* Banter.xcdatamodeld */ = {
			isa = XCVersionGroup;
			children = (
				4B2BBD8C600FFCB9300E739D /* Banter.xcdatamodel */,
			);
			currentVersion = 4B2BBD8C600FFCB9300E739D /* Banter.xcdatamodel */;
			path = Banter.xcdatamodeld;
			sourceTree = "<group>";
			versionGroupType = wrapper.xcdatamodel;
		};
/* End XCVersionGroup section */
	};
	rootObject = F398A7A64F141CCCC38C5865 /* Project object */;
}
